
Microsoft Visual Studio Solution File, Format Version 12.00
# Visual Studio 15
VisualStudioVersion = 15.0.28307.1082
MinimumVisualStudioVersion = 10.0.40219.1
Project("{FAE04EC0-301F-11D3-BF4B-00C04F79EFBC}") = "PassareFunctions", "PassareFunctions\PassareFunctions.csproj", "{46ABF43F-A011-45C2-8A35-04F803448B5A}"
EndProject
Global
	GlobalSection(SolutionConfigurationPlatforms) = preSolution
		Debug|Any CPU = Debug|Any CPU
		Release|Any CPU = Release|Any CPU
	EndGlobalSection
	GlobalSection(ProjectConfigurationPlatforms) = postSolution
		{46ABF43F-A011-45C2-8A35-04F803448B5A}.Debug|Any CPU.ActiveCfg = Debug|Any CPU
		{46ABF43F-A011-45C2-8A35-04F803448B5A}.Debug|Any CPU.Build.0 = Debug|Any CPU
		{46ABF43F-A011-45C2-8A35-04F803448B5A}.Release|Any CPU.ActiveCfg = Release|Any CPU
		{46ABF43F-A011-45C2-8A35-04F803448B5A}.Release|Any CPU.Build.0 = Release|Any CPU
	EndGlobalSection
	GlobalSection(SolutionProperties) = preSolution
		HideSolutionNode = FALSE
	EndGlobalSection
	GlobalSection(ExtensibilityGlobals) = postSolution
		SolutionGuid = {A46BFF89-C8A1-44A3-8AE2-EEB23343FEEF}
	EndGlobalSection
EndGlobal
